
Microsoft Visual Studio Solution File, Format Version 12.00
# Visual Studio Version 17
VisualStudioVersion = 17.5.2.0
MinimumVisualStudioVersion = 10.0.40219.1
Project("{FAE04EC0-301F-11D3-BF4B-00C04F79EFBC}") = "selfinstruction", "selfinstruction.csproj", "{A8420609-90F5-4D06-5CF5-B109EC3BA921}"
EndProject
Project("{2150E333-8FDC-42A3-9474-1A3956D46DE8}") = "tests", "tests", "{0AB3BF05-4346-4AA6-1389-037BE0695223}"
EndProject
Project("{FAE04EC0-301F-11D3-BF4B-00C04F79EFBC}") = "Kursach.Tests", "tests\Kursach.Tests\Kursach.Tests.csproj", "{31995D1B-83C3-4806-9221-B5FE43538A52}"
EndProject
Global
	GlobalSection(SolutionConfigurationPlatforms) = preSolution
		Debug|Any CPU = Debug|Any CPU
		Debug|x64 = Debug|x64
		Debug|x86 = Debug|x86
		Release|Any CPU = Release|Any CPU
		Release|x64 = Release|x64
		Release|x86 = Release|x86
	EndGlobalSection
	GlobalSection(ProjectConfigurationPlatforms) = postSolution
		{A8420609-90F5-4D06-5CF5-B109EC3BA921}.Debug|Any CPU.ActiveCfg = Debug|Any CPU
		{A8420609-90F5-4D06-5CF5-B109EC3BA921}.Debug|Any CPU.Build.0 = Debug|Any CPU
		{A8420609-90F5-4D06-5CF5-B109EC3BA921}.Debug|x64.ActiveCfg = Debug|Any CPU
		{A8420609-90F5-4D06-5CF5-B109EC3BA921}.Debug|x64.Build.0 = Debug|Any CPU
		{A8420609-90F5-4D06-5CF5-B109EC3BA921}.Debug|x86.ActiveCfg = Debug|Any CPU
		{A8420609-90F5-4D06-5CF5-B109EC3BA921}.Debug|x86.Build.0 = Debug|Any CPU
		{A8420609-90F5-4D06-5CF5-B109EC3BA921}.Release|Any CPU.ActiveCfg = Release|Any CPU
		{A8420609-90F5-4D06-5CF5-B109EC3BA921}.Release|Any CPU.Build.0 = Release|Any CPU
		{A8420609-90F5-4D06-5CF5-B109EC3BA921}.Release|x64.ActiveCfg = Release|Any CPU
		{A8420609-90F5-4D06-5CF5-B109EC3BA921}.Release|x64.Build.0 = Release|Any CPU
		{A8420609-90F5-4D06-5CF5-B109EC3BA921}.Release|x86.ActiveCfg = Release|Any CPU
		{A8420609-90F5-4D06-5CF5-B109EC3BA921}.Release|x86.Build.0 = Release|Any CPU
		{31995D1B-83C3-4806-9221-B5FE43538A52}.Debug|Any CPU.ActiveCfg = Debug|Any CPU
		{31995D1B-83C3-4806-9221-B5FE43538A52}.Debug|Any CPU.Build.0 = Debug|Any CPU
		{31995D1B-83C3-4806-9221-B5FE43538A52}.Debug|x64.ActiveCfg = Debug|Any CPU
		{31995D1B-83C3-4806-9221-B5FE43538A52}.Debug|x64.Build.0 = Debug|Any CPU
		{31995D1B-83C3-4806-9221-B5FE43538A52}.Debug|x86.ActiveCfg = Debug|Any CPU
		{31995D1B-83C3-4806-9221-B5FE43538A52}.Debug|x86.Build.0 = Debug|Any CPU
		{31995D1B-83C3-4806-9221-B5FE43538A52}.Release|Any CPU.ActiveCfg = Release|Any CPU
		{31995D1B-83C3-4806-9221-B5FE43538A52}.Release|Any CPU.Build.0 = Release|Any CPU
		{31995D1B-83C3-4806-9221-B5FE43538A52}.Release|x64.ActiveCfg = Release|Any CPU
		{31995D1B-83C3-4806-9221-B5FE43538A52}.Release|x64.Build.0 = Release|Any CPU
		{31995D1B-83C3-4806-9221-B5FE43538A52}.Release|x86.ActiveCfg = Release|Any CPU
		{31995D1B-83C3-4806-9221-B5FE43538A52}.Release|x86.Build.0 = Release|Any CPU
	EndGlobalSection
	GlobalSection(SolutionProperties) = preSolution
		HideSolutionNode = FALSE
	EndGlobalSection
	GlobalSection(NestedProjects) = preSolution
		{31995D1B-83C3-4806-9221-B5FE43538A52} = {0AB3BF05-4346-4AA6-1389-037BE0695223}
	EndGlobalSection
	GlobalSection(ExtensibilityGlobals) = postSolution
		SolutionGuid = {F107E4EB-5D2E-4FD9-A6CB-5FDF7311FAF9}
	EndGlobalSection
EndGlobal
